
Microsoft Visual Studio Solution File, Format Version 12.00
# Visual Studio Version 16
VisualStudioVersion = 16.0.30804.86
MinimumVisualStudioVersion = 10.0.40219.1
Project("{9A19103F-16F7-4668-BE54-9A1E7A4F7556}") = "LakewoodScoopScraper.Web", "LakewoodScoopScraper.Web\LakewoodScoopScraper.Web.csproj", "{7312789A-CF62-424B-905F-FE3D9DC21C4C}"
EndProject
Project("{FAE04EC0-301F-11D3-BF4B-00C04F79EFBC}") = "LakewoodScoopScaper.Scraper", "LakewoodScoopScaper.Scraper\LakewoodScoopScaper.Scraper.csproj", "{542C888C-CA4F-42B2-9388-39EEDDB6275D}"
EndProject
Global
	GlobalSection(SolutionConfigurationPlatforms) = preSolution
		Debug|Any CPU = Debug|Any CPU
		Release|Any CPU = Release|Any CPU
	EndGlobalSection
	GlobalSection(ProjectConfigurationPlatforms) = postSolution
		{7312789A-CF62-424B-905F-FE3D9DC21C4C}.Debug|Any CPU.ActiveCfg = Debug|Any CPU
		{7312789A-CF62-424B-905F-FE3D9DC21C4C}.Debug|Any CPU.Build.0 = Debug|Any CPU
		{7312789A-CF62-424B-905F-FE3D9DC21C4C}.Release|Any CPU.ActiveCfg = Release|Any CPU
		{7312789A-CF62-424B-905F-FE3D9DC21C4C}.Release|Any CPU.Build.0 = Release|Any CPU
		{542C888C-CA4F-42B2-9388-39EEDDB6275D}.Debug|Any CPU.ActiveCfg = Debug|Any CPU
		{542C888C-CA4F-42B2-9388-39EEDDB6275D}.Debug|Any CPU.Build.0 = Debug|Any CPU
		{542C888C-CA4F-42B2-9388-39EEDDB6275D}.Release|Any CPU.ActiveCfg = Release|Any CPU
		{542C888C-CA4F-42B2-9388-39EEDDB6275D}.Release|Any CPU.Build.0 = Release|Any CPU
	EndGlobalSection
	GlobalSection(SolutionProperties) = preSolution
		HideSolutionNode = FALSE
	EndGlobalSection
	GlobalSection(ExtensibilityGlobals) = postSolution
		SolutionGuid = {F3013E39-1A14-4799-A64E-F5D93935281E}
	EndGlobalSection
EndGlobal
